
Microsoft Visual Studio Solution File, Format Version 12.00
# Visual Studio Version 17
VisualStudioVersion = 17.10.35013.160
MinimumVisualStudioVersion = 10.0.40219.1
Project("{9A19103F-16F7-4668-BE54-9A1E7A4F7556}") = "EmployeeManagement.Models", "EmployeeManagement.Models\EmployeeManagement.Models.csproj", "{1ECB8626-3178-4882-A69F-7CF5E619B8A9}"
EndProject
Project("{9A19103F-16F7-4668-BE54-9A1E7A4F7556}") = "EmployeeManagement.Web", "EmployeeManagement.Web\EmployeeManagement.Web\EmployeeManagement.Web.csproj", "{B36F2316-D2DD-4253-B5B8-CC9D1FA9EC88}"
EndProject
Project("{9A19103F-16F7-4668-BE54-9A1E7A4F7556}") = "EmployeeManagement.Web.Client", "EmployeeManagement.Web\EmployeeManagement.Web.Client\EmployeeManagement.Web.Client.csproj", "{7A53BE14-60EF-476D-BB51-0F722EFAB058}"
EndProject
Global
	GlobalSection(SolutionConfigurationPlatforms) = preSolution
		Debug|Any CPU = Debug|Any CPU
		Release|Any CPU = Release|Any CPU
	EndGlobalSection
	GlobalSection(ProjectConfigurationPlatforms) = postSolution
		{1ECB8626-3178-4882-A69F-7CF5E619B8A9}.Debug|Any CPU.ActiveCfg = Debug|Any CPU
		{1ECB8626-3178-4882-A69F-7CF5E619B8A9}.Debug|Any CPU.Build.0 = Debug|Any CPU
		{1ECB8626-3178-4882-A69F-7CF5E619B8A9}.Release|Any CPU.ActiveCfg = Release|Any CPU
		{1ECB8626-3178-4882-A69F-7CF5E619B8A9}.Release|Any CPU.Build.0 = Release|Any CPU
		{B36F2316-D2DD-4253-B5B8-CC9D1FA9EC88}.Debug|Any CPU.ActiveCfg = Debug|Any CPU
		{B36F2316-D2DD-4253-B5B8-CC9D1FA9EC88}.Debug|Any CPU.Build.0 = Debug|Any CPU
		{B36F2316-D2DD-4253-B5B8-CC9D1FA9EC88}.Release|Any CPU.ActiveCfg = Release|Any CPU
		{B36F2316-D2DD-4253-B5B8-CC9D1FA9EC88}.Release|Any CPU.Build.0 = Release|Any CPU
		{7A53BE14-60EF-476D-BB51-0F722EFAB058}.Debug|Any CPU.ActiveCfg = Debug|Any CPU
		{7A53BE14-60EF-476D-BB51-0F722EFAB058}.Debug|Any CPU.Build.0 = Debug|Any CPU
		{7A53BE14-60EF-476D-BB51-0F722EFAB058}.Release|Any CPU.ActiveCfg = Release|Any CPU
		{7A53BE14-60EF-476D-BB51-0F722EFAB058}.Release|Any CPU.Build.0 = Release|Any CPU
	EndGlobalSection
	GlobalSection(SolutionProperties) = preSolution
		HideSolutionNode = FALSE
	EndGlobalSection
	GlobalSection(ExtensibilityGlobals) = postSolution
		SolutionGuid = {92565134-110B-427C-8F4B-E514615A68CF}
	EndGlobalSection
EndGlobal
